<?xml version="1.0" encoding="utf-8"?>
<Project ToolsVersion="4.0" xmlns="http://schemas.microsoft.com/developer/msbuild/2003">
  <ItemGroup>
    <Filter Include="Source Files">
      <UniqueIdentifier>{4FC737F1-C7A5-4376-A066-2A32D752A2FF}</UniqueIdentifier>
      <Extensions>cpp;c;cc;cxx;def;odl;idl;hpj;bat;asm;asmx</Extensions>
    </Filter>
    <Filter Include="Header Files">
      <UniqueIdentifier>{93995380-89BD-4b04-88EB-625FBE52EBFB}</UniqueIdentifier>
      <Extensions>h;hpp;hxx;hm;inl;inc;xsd</Extensions>
    </Filter>
    <Filter Include="Resource Files">
      <UniqueIdentifier>{67DA6AB6-F800-4c08-8B7A-83BB121AAD01}</UniqueIdentifier>
      <Extensions>rc;ico;cur;bmp;dlg;rc2;rct;bin;rgs;gif;jpg;jpeg;jpe;resx;tiff;tif;png;wav;mfcribbon-ms</Extensions>
    </Filter>
    <Filter Include="GraphBasedSegmentor">
      <UniqueIdentifier>{0bc6490e-fac3-45b1-9557-e93d055121d4}</UniqueIdentifier>
    </Filter>
  </ItemGroup>
  <ItemGroup>
    <ClCompile Include="ObjectSegmentor.cpp">
      <Filter>Source Files</Filter>
    </ClCompile>
    <ClCompile Include="VideoObjSegmentor.cpp">
      <Filter>Source Files</Filter>
    </ClCompile>
    <ClCompile Include="main.cpp">
      <Filter>Source Files</Filter>
    </ClCompile>
    <ClCompile Include="ColorGMM.cpp">
      <Filter>Source Files</Filter>
    </ClCompile>
    <ClCompile Include="GrabCutter.cpp">
      <Filter>Source Files</Filter>
    </ClCompile>
    <ClCompile Include="ImageSegmentor.cpp">
      <Filter>Source Files</Filter>
    </ClCompile>
    <ClCompile Include="RGBDTools.cpp">
      <Filter>Source Files</Filter>
    </ClCompile>
  </ItemGroup>
  <ItemGroup>
    <ClInclude Include="ObjectSegmentor.h">
      <Filter>Header Files</Filter>
    </ClInclude>
    <ClInclude Include="VideoObjSegmentor.h">
      <Filter>Header Files</Filter>
    </ClInclude>
    <ClInclude Include="common_libs.h">
      <Filter>Header Files</Filter>
    </ClInclude>
    <ClInclude Include="ColorGMM.h">
      <Filter>Header Files</Filter>
    </ClInclude>
    <ClInclude Include="gcgraph.hpp">
      <Filter>Header Files</Filter>
    </ClInclude>
    <ClInclude Include="GrabCutter.h">
      <Filter>Header Files</Filter>
    </ClInclude>
    <ClInclude Include="ImageSegmentor.h">
      <Filter>Header Files</Filter>
    </ClInclude>
    <ClInclude Include="GraphBasedSegmentor\convolve.h">
      <Filter>GraphBasedSegmentor</Filter>
    </ClInclude>
    <ClInclude Include="GraphBasedSegmentor\disjoint-set.h">
      <Filter>GraphBasedSegmentor</Filter>
    </ClInclude>
    <ClInclude Include="GraphBasedSegmentor\filter.h">
      <Filter>GraphBasedSegmentor</Filter>
    </ClInclude>
    <ClInclude Include="GraphBasedSegmentor\image.h">
      <Filter>GraphBasedSegmentor</Filter>
    </ClInclude>
    <ClInclude Include="GraphBasedSegmentor\imconv.h">
      <Filter>GraphBasedSegmentor</Filter>
    </ClInclude>
    <ClInclude Include="GraphBasedSegmentor\imutil.h">
      <Filter>GraphBasedSegmentor</Filter>
    </ClInclude>
    <ClInclude Include="GraphBasedSegmentor\misc.h">
      <Filter>GraphBasedSegmentor</Filter>
    </ClInclude>
    <ClInclude Include="GraphBasedSegmentor\segment-graph.h">
      <Filter>GraphBasedSegmentor</Filter>
    </ClInclude>
    <ClInclude Include="GraphBasedSegmentor\segment-image.h">
      <Filter>GraphBasedSegmentor</Filter>
    </ClInclude>
    <ClInclude Include="RGBDTools.h">
      <Filter>Header Files</Filter>
    </ClInclude>
  </ItemGroup>
</Project>